
Microsoft Visual Studio Solution File, Format Version 12.00
# Visual Studio Version 17
VisualStudioVersion = 17.0.32112.339
MinimumVisualStudioVersion = 10.0.40219.1
Project("{FAE04EC0-301F-11D3-BF4B-00C04F79EFBC}") = "Program 2", "Program 2\Program 2.csproj", "{1DD1BC91-0AE3-4ACE-B273-24FAE273634D}"
EndProject
Global
	GlobalSection(SolutionConfigurationPlatforms) = preSolution
		Debug|Any CPU = Debug|Any CPU
		Release|Any CPU = Release|Any CPU
	EndGlobalSection
	GlobalSection(ProjectConfigurationPlatforms) = postSolution
		{1DD1BC91-0AE3-4ACE-B273-24FAE273634D}.Debug|Any CPU.ActiveCfg = Debug|Any CPU
		{1DD1BC91-0AE3-4ACE-B273-24FAE273634D}.Debug|Any CPU.Build.0 = Debug|Any CPU
		{1DD1BC91-0AE3-4ACE-B273-24FAE273634D}.Release|Any CPU.ActiveCfg = Release|Any CPU
		{1DD1BC91-0AE3-4ACE-B273-24FAE273634D}.Release|Any CPU.Build.0 = Release|Any CPU
	EndGlobalSection
	GlobalSection(SolutionProperties) = preSolution
		HideSolutionNode = FALSE
	EndGlobalSection
	GlobalSection(ExtensibilityGlobals) = postSolution
		SolutionGuid = {1504E2DD-7C00-4E03-8025-39863052A36F}
	EndGlobalSection
EndGlobal
